
Microsoft Visual Studio Solution File, Format Version 12.00
# Visual Studio 15
VisualStudioVersion = 15.0.28307.757
MinimumVisualStudioVersion = 10.0.40219.1
Project("{159641D6-6404-4A2A-AE62-294DE0FE8301}") = "ETL Proyecto", "ETL Proyecto\ETL Proyecto.dtproj", "{916B557B-196B-4F35-B64D-63958B9BF93E}"
EndProject
Global
	GlobalSection(SolutionConfigurationPlatforms) = preSolution
		Development|Default = Development|Default
	EndGlobalSection
	GlobalSection(ProjectConfigurationPlatforms) = postSolution
		{916B557B-196B-4F35-B64D-63958B9BF93E}.Development|Default.ActiveCfg = Development
		{916B557B-196B-4F35-B64D-63958B9BF93E}.Development|Default.Build.0 = Development
	EndGlobalSection
	GlobalSection(SolutionProperties) = preSolution
		HideSolutionNode = FALSE
	EndGlobalSection
	GlobalSection(ExtensibilityGlobals) = postSolution
		SolutionGuid = {9A3109F1-79F7-4435-B814-3ACFA11D6234}
	EndGlobalSection
EndGlobal
